
Microsoft Visual Studio Solution File, Format Version 12.00
# Visual Studio Version 16
VisualStudioVersion = 16.0.30011.22
MinimumVisualStudioVersion = 10.0.40219.1
Project("{FAE04EC0-301F-11D3-BF4B-00C04F79EFBC}") = "GTA_V_Be_A_Guide_Mod", "GTA_V_Be_A_Guide_Mod\GTA_V_Be_A_Guide_Mod.csproj", "{20398895-19B4-434F-8B58-486D015AFFA9}"
EndProject
Global
	GlobalSection(SolutionConfigurationPlatforms) = preSolution
		Debug|Any CPU = Debug|Any CPU
		Release|Any CPU = Release|Any CPU
	EndGlobalSection
	GlobalSection(ProjectConfigurationPlatforms) = postSolution
		{20398895-19B4-434F-8B58-486D015AFFA9}.Debug|Any CPU.ActiveCfg = Debug|Any CPU
		{20398895-19B4-434F-8B58-486D015AFFA9}.Debug|Any CPU.Build.0 = Debug|Any CPU
		{20398895-19B4-434F-8B58-486D015AFFA9}.Release|Any CPU.ActiveCfg = Release|Any CPU
		{20398895-19B4-434F-8B58-486D015AFFA9}.Release|Any CPU.Build.0 = Release|Any CPU
	EndGlobalSection
	GlobalSection(SolutionProperties) = preSolution
		HideSolutionNode = FALSE
	EndGlobalSection
	GlobalSection(ExtensibilityGlobals) = postSolution
		SolutionGuid = {EC38BDFF-FE26-411F-9497-E925A28EDCB2}
	EndGlobalSection
EndGlobal
